<?xml version="1.0" encoding="utf-8"?>
<Project ToolsVersion="4.0" xmlns="http://schemas.microsoft.com/developer/msbuild/2003">
  <ItemGroup>
    <Filter Include="Source Files">
      <UniqueIdentifier>{4FC737F1-C7A5-4376-A066-2A32D752A2FF}</UniqueIdentifier>
      <Extensions>cpp;c;cc;cxx;def;odl;idl;hpj;bat;asm;asmx</Extensions>
    </Filter>
    <Filter Include="Header Files">
      <UniqueIdentifier>{93995380-89BD-4b04-88EB-625FBE52EBFB}</UniqueIdentifier>
      <Extensions>h;hh;hpp;hxx;hm;inl;inc;ipp;xsd</Extensions>
    </Filter>
    <Filter Include="Resource Files">
      <UniqueIdentifier>{67DA6AB6-F800-4c08-8B7A-83BB121AAD01}</UniqueIdentifier>
      <Extensions>rc;ico;cur;bmp;dlg;rc2;rct;bin;rgs;gif;jpg;jpeg;jpe;resx;tiff;tif;png;wav;mfcribbon-ms</Extensions>
    </Filter>
    <Filter Include="UI">
      <UniqueIdentifier>{2e26ba0e-6358-4933-8664-78bff5a72e81}</UniqueIdentifier>
    </Filter>
  </ItemGroup>
  <ItemGroup>
    <ClInclude Include="stdafx.h">
      <Filter>Header Files</Filter>
    </ClInclude>
    <ClInclude Include="targetver.h">
      <Filter>Header Files</Filter>
    </ClInclude>
    <ClInclude Include="Resource.h">
      <Filter>Header Files</Filter>
    </ClInclude>
    <ClInclude Include="JobSystem.h">
      <Filter>Header Files</Filter>
    </ClInclude>
    <ClInclude Include="GraphSystem.h">
      <Filter>Header Files</Filter>
    </ClInclude>
    <ClInclude Include="GraphicsLab.h">
      <Filter>Header Files</Filter>
    </ClInclude>
    <ClInclude Include="StaticMeshRenderData.h">
      <Filter>Header Files</Filter>
    </ClInclude>
    <ClInclude Include="ShaderManager.h">
      <Filter>Header Files</Filter>
    </ClInclude>
    <ClInclude Include="World.h">
      <Filter>Header Files</Filter>
    </ClInclude>
    <ClInclude Include="Transform.h">
      <Filter>Header Files</Filter>
    </ClInclude>
    <ClInclude Include="FullScreenRenderData.h">
      <Filter>Header Files</Filter>
    </ClInclude>
    <ClInclude Include="Camera.h">
      <Filter>Header Files</Filter>
    </ClInclude>
    <ClInclude Include="MathUtil.h">
      <Filter>Header Files</Filter>
    </ClInclude>
    <ClInclude Include="UI\UISystemInterface.h">
      <Filter>UI</Filter>
    </ClInclude>
    <ClInclude Include="UI\UISystem.h">
      <Filter>UI</Filter>
    </ClInclude>
    <ClInclude Include="UI\MainFrame.h">
      <Filter>UI</Filter>
    </ClInclude>
    <ClInclude Include="UI\WidgetBase.h">
      <Filter>UI</Filter>
    </ClInclude>
    <ClInclude Include="UI\WidgetPanel.h">
      <Filter>UI</Filter>
    </ClInclude>
    <ClInclude Include="UI\WidgetControlBase.h">
      <Filter>UI</Filter>
    </ClInclude>
    <ClInclude Include="UI\WidgetControlButton.h">
      <Filter>UI</Filter>
    </ClInclude>
    <ClInclude Include="UI\UIImageRender.h">
      <Filter>UI</Filter>
    </ClInclude>
    <ClInclude Include="UI\UITransform.h">
      <Filter>UI</Filter>
    </ClInclude>
    <ClInclude Include="UI\UIRectBatchRender.h">
      <Filter>UI</Filter>
    </ClInclude>
    <ClInclude Include="CriticalSection.h">
      <Filter>Header Files</Filter>
    </ClInclude>
    <ClInclude Include="FramePerSecond.h">
      <Filter>Header Files</Filter>
    </ClInclude>
    <ClInclude Include="GameTimer.h">
      <Filter>Header Files</Filter>
    </ClInclude>
    <ClInclude Include="LockFreeMemoryPool.h">
      <Filter>Header Files</Filter>
    </ClInclude>
    <ClInclude Include="GraphicsLabSystem.h">
      <Filter>Header Files</Filter>
    </ClInclude>
  </ItemGroup>
  <ItemGroup>
    <ClCompile Include="stdafx.cpp">
      <Filter>Source Files</Filter>
    </ClCompile>
    <ClCompile Include="JobSystem.cpp">
      <Filter>Source Files</Filter>
    </ClCompile>
    <ClCompile Include="GraphSystem.cpp">
      <Filter>Source Files</Filter>
    </ClCompile>
    <ClCompile Include="main.cpp">
      <Filter>Source Files</Filter>
    </ClCompile>
    <ClCompile Include="StaticMeshRenderData.cpp">
      <Filter>Source Files</Filter>
    </ClCompile>
    <ClCompile Include="ShaderManager.cpp">
      <Filter>Source Files</Filter>
    </ClCompile>
    <ClCompile Include="World.cpp">
      <Filter>Source Files</Filter>
    </ClCompile>
    <ClCompile Include="Transform.cpp">
      <Filter>Source Files</Filter>
    </ClCompile>
    <ClCompile Include="FullScreenRenderData.cpp">
      <Filter>Source Files</Filter>
    </ClCompile>
    <ClCompile Include="Camera.cpp">
      <Filter>Source Files</Filter>
    </ClCompile>
    <ClCompile Include="MathUtil.cpp">
      <Filter>Source Files</Filter>
    </ClCompile>
    <ClCompile Include="UI\UISystem.cpp">
      <Filter>UI</Filter>
    </ClCompile>
    <ClCompile Include="UI\MainFrame.cpp">
      <Filter>UI</Filter>
    </ClCompile>
    <ClCompile Include="UI\WidgetBase.cpp">
      <Filter>UI</Filter>
    </ClCompile>
    <ClCompile Include="UI\WidgetPanel.cpp">
      <Filter>UI</Filter>
    </ClCompile>
    <ClCompile Include="UI\WidgetControlBase.cpp">
      <Filter>UI</Filter>
    </ClCompile>
    <ClCompile Include="UI\UIImageRender.cpp">
      <Filter>UI</Filter>
    </ClCompile>
    <ClCompile Include="UI\WidgetControlButton.cpp">
      <Filter>UI</Filter>
    </ClCompile>
    <ClCompile Include="UI\UITransform.cpp">
      <Filter>UI</Filter>
    </ClCompile>
    <ClCompile Include="UI\UIRectBatchRender.cpp">
      <Filter>UI</Filter>
    </ClCompile>
    <ClCompile Include="CriticalSection.cpp">
      <Filter>Source Files</Filter>
    </ClCompile>
    <ClCompile Include="FramePerSecond.cpp">
      <Filter>Source Files</Filter>
    </ClCompile>
    <ClCompile Include="GameTimer.cpp">
      <Filter>Source Files</Filter>
    </ClCompile>
    <ClCompile Include="GraphicsLabSystem.cpp">
      <Filter>Source Files</Filter>
    </ClCompile>
  </ItemGroup>
  <ItemGroup>
    <ResourceCompile Include="Multi-Thread.rc">
      <Filter>Resource Files</Filter>
    </ResourceCompile>
  </ItemGroup>
  <ItemGroup>
    <Image Include="small.ico">
      <Filter>Resource Files</Filter>
    </Image>
    <Image Include="Multi-Thread.ico">
      <Filter>Resource Files</Filter>
    </Image>
  </ItemGroup>
</Project>